
Microsoft Visual Studio Solution File, Format Version 12.00
# Visual Studio Version 16
VisualStudioVersion = 16.0.31019.35
MinimumVisualStudioVersion = 10.0.40219.1
Project("{FAE04EC0-301F-11D3-BF4B-00C04F79EFBC}") = "projetoVetorQuartos", "projetoVetorQuartos\projetoVetorQuartos.csproj", "{2AB9940E-4F0B-4B0B-806B-80D8C65B6D99}"
EndProject
Global
	GlobalSection(SolutionConfigurationPlatforms) = preSolution
		Debug|Any CPU = Debug|Any CPU
		Release|Any CPU = Release|Any CPU
	EndGlobalSection
	GlobalSection(ProjectConfigurationPlatforms) = postSolution
		{2AB9940E-4F0B-4B0B-806B-80D8C65B6D99}.Debug|Any CPU.ActiveCfg = Debug|Any CPU
		{2AB9940E-4F0B-4B0B-806B-80D8C65B6D99}.Debug|Any CPU.Build.0 = Debug|Any CPU
		{2AB9940E-4F0B-4B0B-806B-80D8C65B6D99}.Release|Any CPU.ActiveCfg = Release|Any CPU
		{2AB9940E-4F0B-4B0B-806B-80D8C65B6D99}.Release|Any CPU.Build.0 = Release|Any CPU
	EndGlobalSection
	GlobalSection(SolutionProperties) = preSolution
		HideSolutionNode = FALSE
	EndGlobalSection
	GlobalSection(ExtensibilityGlobals) = postSolution
		SolutionGuid = {9C809A17-AE68-4415-8866-23A54C071711}
	EndGlobalSection
EndGlobal
