
Microsoft Visual Studio Solution File, Format Version 12.00
# Visual Studio Version 16
VisualStudioVersion = 16.0.31019.35
MinimumVisualStudioVersion = 10.0.40219.1
Project("{FAE04EC0-301F-11D3-BF4B-00C04F79EFBC}") = "projetoConstrutores", "projetoConstrutores\projetoConstrutores.csproj", "{625296C2-9072-44AA-B727-CE9CCF1123DA}"
EndProject
Global
	GlobalSection(SolutionConfigurationPlatforms) = preSolution
		Debug|Any CPU = Debug|Any CPU
		Release|Any CPU = Release|Any CPU
	EndGlobalSection
	GlobalSection(ProjectConfigurationPlatforms) = postSolution
		{625296C2-9072-44AA-B727-CE9CCF1123DA}.Debug|Any CPU.ActiveCfg = Debug|Any CPU
		{625296C2-9072-44AA-B727-CE9CCF1123DA}.Debug|Any CPU.Build.0 = Debug|Any CPU
		{625296C2-9072-44AA-B727-CE9CCF1123DA}.Release|Any CPU.ActiveCfg = Release|Any CPU
		{625296C2-9072-44AA-B727-CE9CCF1123DA}.Release|Any CPU.Build.0 = Release|Any CPU
	EndGlobalSection
	GlobalSection(SolutionProperties) = preSolution
		HideSolutionNode = FALSE
	EndGlobalSection
	GlobalSection(ExtensibilityGlobals) = postSolution
		SolutionGuid = {A18C296E-12E6-4E2F-BA2F-AE16F50E3549}
	EndGlobalSection
EndGlobal
