
Microsoft Visual Studio Solution File, Format Version 12.00
# Visual Studio Version 16
VisualStudioVersion = 16.0.30907.101
MinimumVisualStudioVersion = 10.0.40219.1
Project("{FAE04EC0-301F-11D3-BF4B-00C04F79EFBC}") = "projetoEstoque", "projetoEstoque\projetoEstoque.csproj", "{60C5ABD2-E288-409C-82FC-41C50DB42B62}"
EndProject
Global
	GlobalSection(SolutionConfigurationPlatforms) = preSolution
		Debug|Any CPU = Debug|Any CPU
		Release|Any CPU = Release|Any CPU
	EndGlobalSection
	GlobalSection(ProjectConfigurationPlatforms) = postSolution
		{60C5ABD2-E288-409C-82FC-41C50DB42B62}.Debug|Any CPU.ActiveCfg = Debug|Any CPU
		{60C5ABD2-E288-409C-82FC-41C50DB42B62}.Debug|Any CPU.Build.0 = Debug|Any CPU
		{60C5ABD2-E288-409C-82FC-41C50DB42B62}.Release|Any CPU.ActiveCfg = Release|Any CPU
		{60C5ABD2-E288-409C-82FC-41C50DB42B62}.Release|Any CPU.Build.0 = Release|Any CPU
	EndGlobalSection
	GlobalSection(SolutionProperties) = preSolution
		HideSolutionNode = FALSE
	EndGlobalSection
	GlobalSection(ExtensibilityGlobals) = postSolution
		SolutionGuid = {3A976D44-6C3C-4107-908B-98E5BEA1CA7C}
	EndGlobalSection
EndGlobal
