
Microsoft Visual Studio Solution File, Format Version 12.00
# Visual Studio Version 16
VisualStudioVersion = 16.0.31019.35
MinimumVisualStudioVersion = 10.0.40219.1
Project("{FAE04EC0-301F-11D3-BF4B-00C04F79EFBC}") = "projetoVetor", "projetoVetor\projetoVetor.csproj", "{5DC00452-D16B-41C0-A8E7-DDF7F5035F95}"
EndProject
Global
	GlobalSection(SolutionConfigurationPlatforms) = preSolution
		Debug|Any CPU = Debug|Any CPU
		Release|Any CPU = Release|Any CPU
	EndGlobalSection
	GlobalSection(ProjectConfigurationPlatforms) = postSolution
		{5DC00452-D16B-41C0-A8E7-DDF7F5035F95}.Debug|Any CPU.ActiveCfg = Debug|Any CPU
		{5DC00452-D16B-41C0-A8E7-DDF7F5035F95}.Debug|Any CPU.Build.0 = Debug|Any CPU
		{5DC00452-D16B-41C0-A8E7-DDF7F5035F95}.Release|Any CPU.ActiveCfg = Release|Any CPU
		{5DC00452-D16B-41C0-A8E7-DDF7F5035F95}.Release|Any CPU.Build.0 = Release|Any CPU
	EndGlobalSection
	GlobalSection(SolutionProperties) = preSolution
		HideSolutionNode = FALSE
	EndGlobalSection
	GlobalSection(ExtensibilityGlobals) = postSolution
		SolutionGuid = {9695D7A8-362D-4ABA-956E-B350362FDA1E}
	EndGlobalSection
EndGlobal
